{
    "_meta": {
        "hash": {
            "sha256": "90d163e3aedc3a51281873ec433ae5c894c49de865f45554e8727e92c5f1b1ca"
        },
        "pipfile-spec": 6,
        "requires": {
            "python_version": "3.10"
        },
        "sources": [
            {
                "name": "pypi",
                "url": "https://pypi.org/simple",
                "verify_ssl": true
            }
        ]
    },
    "default": {
        "click": {
            "hashes": [
                "sha256:6a7a62563bbfabfda3a38f3023a1db4a35978c0abd76f6c9605ecd6554d6d9b1",
                "sha256:8458d7b1287c5fb128c90e23381cf99dcde74beaf6c7ff6384ce84d6fe090adb"
            ],
            "index": "pypi",
            "version": "==8.0.4"
        },
        "colorama": {
            "hashes": [
                "sha256:5941b2b48a20143d2267e95b1c2a7603ce057ee39fd88e7329b0c292aa16869b",
                "sha256:9f47eda37229f68eee03b24b9748937c7dc3868f906e8ba69fbcbdd3bc5dc3e2"
            ],
            "index": "pypi",
            "version": "==0.4.4"
        },
        "csv2md": {
            "hashes": [
                "sha256:2a5b0a255aa0a850102f23c2dc5b1d3e624d3544f45fc16ed8b0da5514c441a0",
                "sha256:b4d4c3794525bcb8374ae2b02c830edc24871f679ea2d19e60cc09a38eb52e00"
            ],
            "index": "pypi",
            "version": "==1.1.2"
        },
        "markdown": {
            "hashes": [
                "sha256:76df8ae32294ec39dcf89340382882dfa12975f87f45c3ed1ecdb1e8cefc7006",
                "sha256:9923332318f843411e9932237530df53162e29dc7a4e2b91e35764583c46c9a3"
            ],
            "index": "pypi",
            "version": "==3.3.6"
        },
        "pymdown-extensions": {
            "hashes": [
                "sha256:a80553b243d3ed2d6c27723bcd64ca9887e560e6f4808baa96f36e93061eaf90",
                "sha256:b37461a181c1c8103cfe1660081726a0361a8294cbfda88e5b02cefe976f0546"
            ],
            "index": "pypi",
            "version": "==9.3"
        }
    },
    "develop": {}
}
